
Microsoft Visual Studio Solution File, Format Version 12.00
# Visual Studio Version 16
VisualStudioVersion = 16.0.30204.135
MinimumVisualStudioVersion = 10.0.40219.1
Project("{FAE04EC0-301F-11D3-BF4B-00C04F79EFBC}") = "EhentaiDownloader", "EhentaiDownloader\EhentaiDownloader.csproj", "{67E476FB-E056-4C7D-AA34-B3C764A790C2}"
EndProject
Project("{FAE04EC0-301F-11D3-BF4B-00C04F79EFBC}") = "Test1", "Test1\Test1.csproj", "{F913831B-C104-40C2-B8C4-6B0855188AFE}"
EndProject
Global
	GlobalSection(SolutionConfigurationPlatforms) = preSolution
		Debug|Any CPU = Debug|Any CPU
		Release|Any CPU = Release|Any CPU
	EndGlobalSection
	GlobalSection(ProjectConfigurationPlatforms) = postSolution
		{67E476FB-E056-4C7D-AA34-B3C764A790C2}.Debug|Any CPU.ActiveCfg = Debug|Any CPU
		{67E476FB-E056-4C7D-AA34-B3C764A790C2}.Debug|Any CPU.Build.0 = Debug|Any CPU
		{67E476FB-E056-4C7D-AA34-B3C764A790C2}.Release|Any CPU.ActiveCfg = Release|Any CPU
		{67E476FB-E056-4C7D-AA34-B3C764A790C2}.Release|Any CPU.Build.0 = Release|Any CPU
		{F913831B-C104-40C2-B8C4-6B0855188AFE}.Debug|Any CPU.ActiveCfg = Debug|Any CPU
		{F913831B-C104-40C2-B8C4-6B0855188AFE}.Debug|Any CPU.Build.0 = Debug|Any CPU
		{F913831B-C104-40C2-B8C4-6B0855188AFE}.Release|Any CPU.ActiveCfg = Release|Any CPU
		{F913831B-C104-40C2-B8C4-6B0855188AFE}.Release|Any CPU.Build.0 = Release|Any CPU
	EndGlobalSection
	GlobalSection(SolutionProperties) = preSolution
		HideSolutionNode = FALSE
	EndGlobalSection
	GlobalSection(ExtensibilityGlobals) = postSolution
		SolutionGuid = {95F73492-D081-40B7-91A2-811E92B06FE5}
	EndGlobalSection
EndGlobal
